
Microsoft Visual Studio Solution File, Format Version 12.00
# Visual Studio Version 17
VisualStudioVersion = 17.10.35027.167
MinimumVisualStudioVersion = 10.0.40219.1
Project("{9A19103F-16F7-4668-BE54-9A1E7A4F7556}") = "LocadoraDeVeiculos.WebApp", "LocadoraDeVeiculos.WebApp\LocadoraDeVeiculos.WebApp.csproj", "{31E474C6-2569-423B-8C08-E7698CC81DAD}"
EndProject
Project("{2150E333-8FDC-42A3-9474-1A3956D46DE8}") = "1. Apresentação", "1. Apresentação", "{20FB4793-D20B-4952-877A-2685B3F21AE4}"
EndProject
Project("{2150E333-8FDC-42A3-9474-1A3956D46DE8}") = "2. Aplicação", "2. Aplicação", "{1908FB08-CCB6-46CF-B867-385FF93CA4EC}"
EndProject
Project("{2150E333-8FDC-42A3-9474-1A3956D46DE8}") = "3. Domínio", "3. Domínio", "{B773A5CB-033A-44D4-AE8C-A69C1CB3A8A6}"
EndProject
Project("{2150E333-8FDC-42A3-9474-1A3956D46DE8}") = "4. Infraestrutura", "4. Infraestrutura", "{D572D97A-1067-471B-B390-1346687FBB02}"
EndProject
Project("{2150E333-8FDC-42A3-9474-1A3956D46DE8}") = "5. Testes", "5. Testes", "{5546E148-B18E-4FC6-92AA-C142CB719E0E}"
	ProjectSection(SolutionItems) = preProject
		appsettings.json = appsettings.json
	EndProjectSection
EndProject
Project("{9A19103F-16F7-4668-BE54-9A1E7A4F7556}") = "LocadoraDeVeiculos.Aplicacao", "LocadoraDeVeiculos.Aplicacao\LocadoraDeVeiculos.Aplicacao.csproj", "{E580AC56-8D76-4381-82E1-DC9C97A7FB2F}"
EndProject
Project("{9A19103F-16F7-4668-BE54-9A1E7A4F7556}") = "LocadoraDeVeiculos.Dominio", "LocadoraDeVeiculos.Dominio\LocadoraDeVeiculos.Dominio.csproj", "{4DE6621E-849F-4DC0-8031-11068A61583E}"
EndProject
Project("{9A19103F-16F7-4668-BE54-9A1E7A4F7556}") = "LocadoraDeVeiculos.Infra.Orm", "LocadoraDeVeiculos.Infra.Orm\LocadoraDeVeiculos.Infra.Orm.csproj", "{08CD8EC7-C542-436F-A0D1-AFA62B10B2EB}"
EndProject
Project("{9A19103F-16F7-4668-BE54-9A1E7A4F7556}") = "LocadoraDeVeiculos.Testes.Integracao", "LocadoraDeVeiculos.Testes.Integracao\LocadoraDeVeiculos.Testes.Integracao.csproj", "{2F00E4A1-64C2-4E8C-8349-61A6A88E5D80}"
EndProject
Global
	GlobalSection(SolutionConfigurationPlatforms) = preSolution
		Debug|Any CPU = Debug|Any CPU
		Release|Any CPU = Release|Any CPU
	EndGlobalSection
	GlobalSection(ProjectConfigurationPlatforms) = postSolution
		{31E474C6-2569-423B-8C08-E7698CC81DAD}.Debug|Any CPU.ActiveCfg = Debug|Any CPU
		{31E474C6-2569-423B-8C08-E7698CC81DAD}.Debug|Any CPU.Build.0 = Debug|Any CPU
		{31E474C6-2569-423B-8C08-E7698CC81DAD}.Release|Any CPU.ActiveCfg = Release|Any CPU
		{31E474C6-2569-423B-8C08-E7698CC81DAD}.Release|Any CPU.Build.0 = Release|Any CPU
		{E580AC56-8D76-4381-82E1-DC9C97A7FB2F}.Debug|Any CPU.ActiveCfg = Debug|Any CPU
		{E580AC56-8D76-4381-82E1-DC9C97A7FB2F}.Debug|Any CPU.Build.0 = Debug|Any CPU
		{E580AC56-8D76-4381-82E1-DC9C97A7FB2F}.Release|Any CPU.ActiveCfg = Release|Any CPU
		{E580AC56-8D76-4381-82E1-DC9C97A7FB2F}.Release|Any CPU.Build.0 = Release|Any CPU
		{4DE6621E-849F-4DC0-8031-11068A61583E}.Debug|Any CPU.ActiveCfg = Debug|Any CPU
		{4DE6621E-849F-4DC0-8031-11068A61583E}.Debug|Any CPU.Build.0 = Debug|Any CPU
		{4DE6621E-849F-4DC0-8031-11068A61583E}.Release|Any CPU.ActiveCfg = Release|Any CPU
		{4DE6621E-849F-4DC0-8031-11068A61583E}.Release|Any CPU.Build.0 = Release|Any CPU
		{08CD8EC7-C542-436F-A0D1-AFA62B10B2EB}.Debug|Any CPU.ActiveCfg = Debug|Any CPU
		{08CD8EC7-C542-436F-A0D1-AFA62B10B2EB}.Debug|Any CPU.Build.0 = Debug|Any CPU
		{08CD8EC7-C542-436F-A0D1-AFA62B10B2EB}.Release|Any CPU.ActiveCfg = Release|Any CPU
		{08CD8EC7-C542-436F-A0D1-AFA62B10B2EB}.Release|Any CPU.Build.0 = Release|Any CPU
		{2F00E4A1-64C2-4E8C-8349-61A6A88E5D80}.Debug|Any CPU.ActiveCfg = Debug|Any CPU
		{2F00E4A1-64C2-4E8C-8349-61A6A88E5D80}.Debug|Any CPU.Build.0 = Debug|Any CPU
		{2F00E4A1-64C2-4E8C-8349-61A6A88E5D80}.Release|Any CPU.ActiveCfg = Release|Any CPU
		{2F00E4A1-64C2-4E8C-8349-61A6A88E5D80}.Release|Any CPU.Build.0 = Release|Any CPU
	EndGlobalSection
	GlobalSection(SolutionProperties) = preSolution
		HideSolutionNode = FALSE
	EndGlobalSection
	GlobalSection(NestedProjects) = preSolution
		{31E474C6-2569-423B-8C08-E7698CC81DAD} = {20FB4793-D20B-4952-877A-2685B3F21AE4}
		{E580AC56-8D76-4381-82E1-DC9C97A7FB2F} = {1908FB08-CCB6-46CF-B867-385FF93CA4EC}
		{4DE6621E-849F-4DC0-8031-11068A61583E} = {B773A5CB-033A-44D4-AE8C-A69C1CB3A8A6}
		{08CD8EC7-C542-436F-A0D1-AFA62B10B2EB} = {D572D97A-1067-471B-B390-1346687FBB02}
		{2F00E4A1-64C2-4E8C-8349-61A6A88E5D80} = {5546E148-B18E-4FC6-92AA-C142CB719E0E}
	EndGlobalSection
	GlobalSection(ExtensibilityGlobals) = postSolution
		SolutionGuid = {385205E7-FBA1-4359-88F9-30F27423186B}
	EndGlobalSection
EndGlobal
